
Microsoft Visual Studio Solution File, Format Version 12.00
# Visual Studio Version 17
VisualStudioVersion = 17.0.32126.317
MinimumVisualStudioVersion = 10.0.40219.1
Project("{8BC9CEB8-8B4A-11D0-8D11-00A0C91BC942}") = "pazakgame", "pazakgame\pazakgame.vcxproj", "{CBD65B9E-F81D-4AC9-BA2D-76464C91542C}"
EndProject
Global
	GlobalSection(SolutionConfigurationPlatforms) = preSolution
		Debug|x64 = Debug|x64
		Debug|x86 = Debug|x86
		Release|x64 = Release|x64
		Release|x86 = Release|x86
	EndGlobalSection
	GlobalSection(ProjectConfigurationPlatforms) = postSolution
		{CBD65B9E-F81D-4AC9-BA2D-76464C91542C}.Debug|x64.ActiveCfg = Debug|x64
		{CBD65B9E-F81D-4AC9-BA2D-76464C91542C}.Debug|x64.Build.0 = Debug|x64
		{CBD65B9E-F81D-4AC9-BA2D-76464C91542C}.Debug|x86.ActiveCfg = Debug|Win32
		{CBD65B9E-F81D-4AC9-BA2D-76464C91542C}.Debug|x86.Build.0 = Debug|Win32
		{CBD65B9E-F81D-4AC9-BA2D-76464C91542C}.Release|x64.ActiveCfg = Release|x64
		{CBD65B9E-F81D-4AC9-BA2D-76464C91542C}.Release|x64.Build.0 = Release|x64
		{CBD65B9E-F81D-4AC9-BA2D-76464C91542C}.Release|x86.ActiveCfg = Release|Win32
		{CBD65B9E-F81D-4AC9-BA2D-76464C91542C}.Release|x86.Build.0 = Release|Win32
	EndGlobalSection
	GlobalSection(SolutionProperties) = preSolution
		HideSolutionNode = FALSE
	EndGlobalSection
	GlobalSection(ExtensibilityGlobals) = postSolution
		SolutionGuid = {C4890BF8-1D82-4B1B-9AED-9BB804B6A456}
	EndGlobalSection
EndGlobal
